
Microsoft Visual Studio Solution File, Format Version 12.00
# Visual Studio 14
VisualStudioVersion = 14.0.25123.0
MinimumVisualStudioVersion = 10.0.40219.1
Project("{FAE04EC0-301F-11D3-BF4B-00C04F79EFBC}") = "JobQueue", "JobQueue\JobQueue.csproj", "{0BDCE815-4BBE-4CD3-B521-40A4E1F360CB}"
EndProject
Project("{FAE04EC0-301F-11D3-BF4B-00C04F79EFBC}") = "TestJobs", "TestJobs\TestJobs.csproj", "{FCD54B31-01AC-4AA5-9903-FE573C1FC833}"
EndProject
Project("{FAE04EC0-301F-11D3-BF4B-00C04F79EFBC}") = "NetConcurrency", "NetConcurrency\NetConcurrency.csproj", "{68913FDD-8A91-47BD-8FBD-A9827ACF7587}"
EndProject
Global
	GlobalSection(SolutionConfigurationPlatforms) = preSolution
		Debug|Any CPU = Debug|Any CPU
		Release|Any CPU = Release|Any CPU
	EndGlobalSection
	GlobalSection(ProjectConfigurationPlatforms) = postSolution
		{0BDCE815-4BBE-4CD3-B521-40A4E1F360CB}.Debug|Any CPU.ActiveCfg = Debug|Any CPU
		{0BDCE815-4BBE-4CD3-B521-40A4E1F360CB}.Debug|Any CPU.Build.0 = Debug|Any CPU
		{0BDCE815-4BBE-4CD3-B521-40A4E1F360CB}.Release|Any CPU.ActiveCfg = Release|Any CPU
		{0BDCE815-4BBE-4CD3-B521-40A4E1F360CB}.Release|Any CPU.Build.0 = Release|Any CPU
		{FCD54B31-01AC-4AA5-9903-FE573C1FC833}.Debug|Any CPU.ActiveCfg = Debug|Any CPU
		{FCD54B31-01AC-4AA5-9903-FE573C1FC833}.Debug|Any CPU.Build.0 = Debug|Any CPU
		{FCD54B31-01AC-4AA5-9903-FE573C1FC833}.Release|Any CPU.ActiveCfg = Release|Any CPU
		{FCD54B31-01AC-4AA5-9903-FE573C1FC833}.Release|Any CPU.Build.0 = Release|Any CPU
		{68913FDD-8A91-47BD-8FBD-A9827ACF7587}.Debug|Any CPU.ActiveCfg = Debug|Any CPU
		{68913FDD-8A91-47BD-8FBD-A9827ACF7587}.Debug|Any CPU.Build.0 = Debug|Any CPU
		{68913FDD-8A91-47BD-8FBD-A9827ACF7587}.Release|Any CPU.ActiveCfg = Release|Any CPU
		{68913FDD-8A91-47BD-8FBD-A9827ACF7587}.Release|Any CPU.Build.0 = Release|Any CPU
	EndGlobalSection
	GlobalSection(SolutionProperties) = preSolution
		HideSolutionNode = FALSE
	EndGlobalSection
EndGlobal
